
Microsoft Visual Studio Solution File, Format Version 12.00
# Visual Studio 14
VisualStudioVersion = 14.0.25420.1
MinimumVisualStudioVersion = 10.0.40219.1
Project("{FAE04EC0-301F-11D3-BF4B-00C04F79EFBC}") = "CiteApp v1.2", "CiteApp v1.2\CiteApp v1.2.csproj", "{3112F1F5-F38B-4298-A220-1D626FDF824E}"
EndProject
Project("{FAE04EC0-301F-11D3-BF4B-00C04F79EFBC}") = "CiteApp v1.2.Tests", "CiteApp v1.2.Tests\CiteApp v1.2.Tests.csproj", "{807D7513-0C8A-4884-BF71-D3C2247C6735}"
EndProject
Global
	GlobalSection(SolutionConfigurationPlatforms) = preSolution
		Debug|Any CPU = Debug|Any CPU
		Release|Any CPU = Release|Any CPU
	EndGlobalSection
	GlobalSection(ProjectConfigurationPlatforms) = postSolution
		{3112F1F5-F38B-4298-A220-1D626FDF824E}.Debug|Any CPU.ActiveCfg = Debug|Any CPU
		{3112F1F5-F38B-4298-A220-1D626FDF824E}.Debug|Any CPU.Build.0 = Debug|Any CPU
		{3112F1F5-F38B-4298-A220-1D626FDF824E}.Release|Any CPU.ActiveCfg = Release|Any CPU
		{3112F1F5-F38B-4298-A220-1D626FDF824E}.Release|Any CPU.Build.0 = Release|Any CPU
		{807D7513-0C8A-4884-BF71-D3C2247C6735}.Debug|Any CPU.ActiveCfg = Debug|Any CPU
		{807D7513-0C8A-4884-BF71-D3C2247C6735}.Debug|Any CPU.Build.0 = Debug|Any CPU
		{807D7513-0C8A-4884-BF71-D3C2247C6735}.Release|Any CPU.ActiveCfg = Release|Any CPU
		{807D7513-0C8A-4884-BF71-D3C2247C6735}.Release|Any CPU.Build.0 = Release|Any CPU
	EndGlobalSection
	GlobalSection(SolutionProperties) = preSolution
		HideSolutionNode = FALSE
	EndGlobalSection
EndGlobal
